PODS:
  - FavIcon (3.0.6)
  - PinkyPromise (0.6.1)

DEPENDENCIES:
  - FavIcon
  - PinkyPromise

SPEC REPOS:
  https://github.com/cocoapods/specs.git:
    - FavIcon
    - PinkyPromise

SPEC CHECKSUMS:
  FavIcon: e07ba9dd3cac1f76b81ccaa08fc2b41baa000b07
  PinkyPromise: 18cf8830f9e6f7b7140b0f35a1499842ea199a1a

PODFILE CHECKSUM: becfe56be8feced3b8b247d3fc695a65987fb237

COCOAPODS: 1.6.0
